{
  "version": 4,
  "terraform_version": "0.12.24",
  "serial": 39,
  "lineage": "3f75cc16-5fd4-148f-57b7-93ec2033cec0",
  "outputs": {},
  "resources": [
    {
      "module": "module.example",
      "mode": "managed",
      "type": "azurerm_linux_virtual_machine",
      "name": "basestation",
      "provider": "provider.azurerm",
      "instances": [
        {
          "schema_version": 0,
          "attributes": {
            "additional_capabilities": [],
            "admin_password": "Password1234!",
            "admin_ssh_key": [
              {
                "public_key": "ssh-rsa AAAAB3NzaC1yc2EAAAADAQABAAABAQDjp1Sripl5bGpHXubitrnHsxsBGUD3EpCqREgD2hh2LD7hDcvVeUTFuWZKuiSlYV/ARrvZ16lmnKkjiDHOzuck4lKFdAuZj3xJyI9K2GVgyjW/FMg988SWmaBuupQE6L4+OruhtKoQo/iXs8s2F57B22FfZVFPTPkAtzZf3cv9AXO373cGWfdkmXSQ3WYCHrWUSRi9qiBCyQVLGJDgYAaDHyheRNmm9kfHr1XJFErKfglEf8ABfD8d8jlOxqLK9YDPYwM0JHiNbcEZDNsIcy/Mb25ZykRV8eqBknLBOU6petSrVEXNJEMtlb1qGUnN1nnERgz223US3ecGAyXEvNmn katarina@katarina-GL65-9SE\n",
                "username": "subt"
              }
            ],
            "admin_username": "subt",
            "allow_extension_operations": true,
            "availability_set_id": "",
            "boot_diagnostics": [],
            "computer_name": "az-basestation",
            "custom_data": null,
            "dedicated_host_id": "",
            "disable_password_authentication": true,
            "eviction_policy": "",
            "id": "/subscriptions/b1e974e5-8229-44c3-a472-235a580d611a/resourceGroups/kat-example/providers/Microsoft.Compute/virtualMachines/subt-sim-basestation",
            "identity": [],
            "location": "eastus",
            "max_bid_price": -1,
            "name": "subt-sim-basestation",
            "network_interface_ids": [
              "/subscriptions/b1e974e5-8229-44c3-a472-235a580d611a/resourceGroups/kat-example/providers/Microsoft.Network/networkInterfaces/subt-sim-NIC-basestation"
            ],
            "os_disk": [
              {
                "caching": "ReadWrite",
                "diff_disk_settings": [],
                "disk_encryption_set_id": "",
                "disk_size_gb": 30,
                "name": "subt-sim-basestation-os-disk",
                "storage_account_type": "Standard_LRS",
                "write_accelerator_enabled": false
              }
            ],
            "plan": [],
            "priority": "Regular",
            "private_ip_address": "10.0.2.5",
            "private_ip_addresses": [
              "10.0.2.5"
            ],
            "provision_vm_agent": true,
            "proximity_placement_group_id": "",
            "public_ip_address": "",
            "public_ip_addresses": [],
            "resource_group_name": "kat-example",
            "secret": [],
            "size": "Standard_F8s_v2",
            "source_image_id": "",
            "source_image_reference": [
              {
                "offer": "UbuntuServer",
                "publisher": "Canonical",
                "sku": "18.04-LTS",
                "version": "latest"
              }
            ],
            "tags": {
              "environment": "tag-subt-sim"
            },
            "timeouts": null,
            "virtual_machine_id": "0f068491-5c40-4619-8256-d495fac98e61",
            "zone": ""
          },
          "private": "eyJlMmJmYjczMC1lY2FhLTExZTYtOGY4OC0zNDM2M2JjN2M0YzAiOnsiY3JlYXRlIjoyNzAwMDAwMDAwMDAwLCJkZWxldGUiOjI3MDAwMDAwMDAwMDAsInJlYWQiOjMwMDAwMDAwMDAwMCwidXBkYXRlIjoyNzAwMDAwMDAwMDAwfX0=",
          "dependencies": [
            "module.example.azurerm_network_interface.basestation"
          ]
        }
      ]
    },
    {
      "module": "module.example",
      "mode": "managed",
      "type": "azurerm_linux_virtual_machine",
      "name": "uav",
      "provider": "provider.azurerm",
      "instances": [
        {
          "schema_version": 0,
          "attributes": {
            "additional_capabilities": [],
            "admin_password": "Password1234!",
            "admin_ssh_key": [
              {
                "public_key": "ssh-rsa AAAAB3NzaC1yc2EAAAADAQABAAABAQDjp1Sripl5bGpHXubitrnHsxsBGUD3EpCqREgD2hh2LD7hDcvVeUTFuWZKuiSlYV/ARrvZ16lmnKkjiDHOzuck4lKFdAuZj3xJyI9K2GVgyjW/FMg988SWmaBuupQE6L4+OruhtKoQo/iXs8s2F57B22FfZVFPTPkAtzZf3cv9AXO373cGWfdkmXSQ3WYCHrWUSRi9qiBCyQVLGJDgYAaDHyheRNmm9kfHr1XJFErKfglEf8ABfD8d8jlOxqLK9YDPYwM0JHiNbcEZDNsIcy/Mb25ZykRV8eqBknLBOU6petSrVEXNJEMtlb1qGUnN1nnERgz223US3ecGAyXEvNmn katarina@katarina-GL65-9SE\n",
                "username": "subt"
              }
            ],
            "admin_username": "subt",
            "allow_extension_operations": true,
            "availability_set_id": "",
            "boot_diagnostics": [],
            "computer_name": "az-uav",
            "custom_data": null,
            "dedicated_host_id": "",
            "disable_password_authentication": true,
            "eviction_policy": "",
            "id": "/subscriptions/b1e974e5-8229-44c3-a472-235a580d611a/resourceGroups/kat-example/providers/Microsoft.Compute/virtualMachines/subt-sim-uav",
            "identity": [],
            "location": "eastus",
            "max_bid_price": -1,
            "name": "subt-sim-uav",
            "network_interface_ids": [
              "/subscriptions/b1e974e5-8229-44c3-a472-235a580d611a/resourceGroups/kat-example/providers/Microsoft.Network/networkInterfaces/subt-sim-NIC-uav"
            ],
            "os_disk": [
              {
                "caching": "ReadWrite",
                "diff_disk_settings": [],
                "disk_encryption_set_id": "",
                "disk_size_gb": 30,
                "name": "subt-sim-uav-os-disk",
                "storage_account_type": "Standard_LRS",
                "write_accelerator_enabled": false
              }
            ],
            "plan": [],
            "priority": "Regular",
            "private_ip_address": "10.0.2.4",
            "private_ip_addresses": [
              "10.0.2.4"
            ],
            "provision_vm_agent": true,
            "proximity_placement_group_id": "",
            "public_ip_address": "",
            "public_ip_addresses": [],
            "resource_group_name": "kat-example",
            "secret": [],
            "size": "Standard_F8s_v2",
            "source_image_id": "",
            "source_image_reference": [
              {
                "offer": "UbuntuServer",
                "publisher": "Canonical",
                "sku": "18.04-LTS",
                "version": "latest"
              }
            ],
            "tags": {
              "environment": "tag-subt-sim"
            },
            "timeouts": null,
            "virtual_machine_id": "1c52d34e-eef4-4141-bcf7-5763c40186b6",
            "zone": ""
          },
          "private": "eyJlMmJmYjczMC1lY2FhLTExZTYtOGY4OC0zNDM2M2JjN2M0YzAiOnsiY3JlYXRlIjoyNzAwMDAwMDAwMDAwLCJkZWxldGUiOjI3MDAwMDAwMDAwMDAsInJlYWQiOjMwMDAwMDAwMDAwMCwidXBkYXRlIjoyNzAwMDAwMDAwMDAwfX0=",
          "dependencies": [
            "module.example.azurerm_network_interface.uav"
          ]
        }
      ]
    },
    {
      "module": "module.example",
      "mode": "managed",
      "type": "azurerm_linux_virtual_machine",
      "name": "ugv",
      "provider": "provider.azurerm",
      "instances": [
        {
          "schema_version": 0,
          "attributes": {
            "additional_capabilities": [],
            "admin_password": "Password1234!",
            "admin_ssh_key": [
              {
                "public_key": "ssh-rsa AAAAB3NzaC1yc2EAAAADAQABAAABAQDjp1Sripl5bGpHXubitrnHsxsBGUD3EpCqREgD2hh2LD7hDcvVeUTFuWZKuiSlYV/ARrvZ16lmnKkjiDHOzuck4lKFdAuZj3xJyI9K2GVgyjW/FMg988SWmaBuupQE6L4+OruhtKoQo/iXs8s2F57B22FfZVFPTPkAtzZf3cv9AXO373cGWfdkmXSQ3WYCHrWUSRi9qiBCyQVLGJDgYAaDHyheRNmm9kfHr1XJFErKfglEf8ABfD8d8jlOxqLK9YDPYwM0JHiNbcEZDNsIcy/Mb25ZykRV8eqBknLBOU6petSrVEXNJEMtlb1qGUnN1nnERgz223US3ecGAyXEvNmn katarina@katarina-GL65-9SE\n",
                "username": "subt"
              }
            ],
            "admin_username": "subt",
            "allow_extension_operations": true,
            "availability_set_id": "",
            "boot_diagnostics": [],
            "computer_name": "az-ugv",
            "custom_data": null,
            "dedicated_host_id": "",
            "disable_password_authentication": true,
            "eviction_policy": "",
            "id": "/subscriptions/b1e974e5-8229-44c3-a472-235a580d611a/resourceGroups/kat-example/providers/Microsoft.Compute/virtualMachines/subt-sim-ugv",
            "identity": [],
            "location": "eastus",
            "max_bid_price": -1,
            "name": "subt-sim-ugv",
            "network_interface_ids": [
              "/subscriptions/b1e974e5-8229-44c3-a472-235a580d611a/resourceGroups/kat-example/providers/Microsoft.Network/networkInterfaces/subt-sim-NIC-ugv"
            ],
            "os_disk": [
              {
                "caching": "ReadWrite",
                "diff_disk_settings": [],
                "disk_encryption_set_id": "",
                "disk_size_gb": 30,
                "name": "subt-sim-ugv-os-disk",
                "storage_account_type": "Standard_LRS",
                "write_accelerator_enabled": false
              }
            ],
            "plan": [],
            "priority": "Regular",
            "private_ip_address": "10.0.2.6",
            "private_ip_addresses": [
              "10.0.2.6"
            ],
            "provision_vm_agent": true,
            "proximity_placement_group_id": "",
            "public_ip_address": "",
            "public_ip_addresses": [],
            "resource_group_name": "kat-example",
            "secret": [],
            "size": "Standard_F8s_v2",
            "source_image_id": "",
            "source_image_reference": [
              {
                "offer": "UbuntuServer",
                "publisher": "Canonical",
                "sku": "18.04-LTS",
                "version": "latest"
              }
            ],
            "tags": {
              "environment": "tag-subt-sim"
            },
            "timeouts": null,
            "virtual_machine_id": "f40dc1ff-b4bb-48e4-887f-564ad9a9b4cf",
            "zone": ""
          },
          "private": "eyJlMmJmYjczMC1lY2FhLTExZTYtOGY4OC0zNDM2M2JjN2M0YzAiOnsiY3JlYXRlIjoyNzAwMDAwMDAwMDAwLCJkZWxldGUiOjI3MDAwMDAwMDAwMDAsInJlYWQiOjMwMDAwMDAwMDAwMCwidXBkYXRlIjoyNzAwMDAwMDAwMDAwfX0=",
          "dependencies": [
            "module.example.azurerm_network_interface.ugv"
          ]
        }
      ]
    },
    {
      "module": "module.example",
      "mode": "managed",
      "type": "azurerm_network_interface",
      "name": "basestation",
      "provider": "provider.azurerm",
      "instances": [
        {
          "schema_version": 0,
          "attributes": {
            "applied_dns_servers": [],
            "dns_servers": [],
            "enable_accelerated_networking": false,
            "enable_ip_forwarding": false,
            "id": "/subscriptions/b1e974e5-8229-44c3-a472-235a580d611a/resourceGroups/kat-example/providers/Microsoft.Network/networkInterfaces/subt-sim-NIC-basestation",
            "internal_dns_name_label": "",
            "ip_configuration": [
              {
                "name": "subt-sim-NIC-basestation-configuration",
                "primary": true,
                "private_ip_address": "10.0.2.5",
                "private_ip_address_allocation": "Dynamic",
                "private_ip_address_version": "IPv4",
                "public_ip_address_id": "",
                "subnet_id": "/subscriptions/b1e974e5-8229-44c3-a472-235a580d611a/resourceGroups/kat-example/providers/Microsoft.Network/virtualNetworks/subt-sim-vnet/subnets/subt-sim-subnet"
              }
            ],
            "location": "eastus",
            "mac_address": "00-0D-3A-1F-F4-CA",
            "name": "subt-sim-NIC-basestation",
            "private_ip_address": "10.0.2.5",
            "private_ip_addresses": [
              "10.0.2.5"
            ],
            "resource_group_name": "kat-example",
            "tags": {
              "environment": "tag-subt-sim"
            },
            "timeouts": null,
            "virtual_machine_id": "/subscriptions/b1e974e5-8229-44c3-a472-235a580d611a/resourceGroups/kat-example/providers/Microsoft.Compute/virtualMachines/subt-sim-basestation"
          },
          "private": "eyJlMmJmYjczMC1lY2FhLTExZTYtOGY4OC0zNDM2M2JjN2M0YzAiOnsiY3JlYXRlIjoxODAwMDAwMDAwMDAwLCJkZWxldGUiOjE4MDAwMDAwMDAwMDAsInJlYWQiOjMwMDAwMDAwMDAwMCwidXBkYXRlIjoxODAwMDAwMDAwMDAwfX0=",
          "dependencies": [
            "module.example.azurerm_subnet.example",
            "module.example.azurerm_virtual_network.example"
          ]
        }
      ]
    },
    {
      "module": "module.example",
      "mode": "managed",
      "type": "azurerm_network_interface",
      "name": "uav",
      "provider": "provider.azurerm",
      "instances": [
        {
          "schema_version": 0,
          "attributes": {
            "applied_dns_servers": [],
            "dns_servers": [],
            "enable_accelerated_networking": false,
            "enable_ip_forwarding": false,
            "id": "/subscriptions/b1e974e5-8229-44c3-a472-235a580d611a/resourceGroups/kat-example/providers/Microsoft.Network/networkInterfaces/subt-sim-NIC-uav",
            "internal_dns_name_label": "",
            "ip_configuration": [
              {
                "name": "subt-sim-NIC-uav-configuration",
                "primary": true,
                "private_ip_address": "10.0.2.4",
                "private_ip_address_allocation": "Dynamic",
                "private_ip_address_version": "IPv4",
                "public_ip_address_id": "",
                "subnet_id": "/subscriptions/b1e974e5-8229-44c3-a472-235a580d611a/resourceGroups/kat-example/providers/Microsoft.Network/virtualNetworks/subt-sim-vnet/subnets/subt-sim-subnet"
              }
            ],
            "location": "eastus",
            "mac_address": "00-0D-3A-1F-D7-D0",
            "name": "subt-sim-NIC-uav",
            "private_ip_address": "10.0.2.4",
            "private_ip_addresses": [
              "10.0.2.4"
            ],
            "resource_group_name": "kat-example",
            "tags": {
              "environment": "tag-subt-sim"
            },
            "timeouts": null,
            "virtual_machine_id": "/subscriptions/b1e974e5-8229-44c3-a472-235a580d611a/resourceGroups/kat-example/providers/Microsoft.Compute/virtualMachines/subt-sim-uav"
          },
          "private": "eyJlMmJmYjczMC1lY2FhLTExZTYtOGY4OC0zNDM2M2JjN2M0YzAiOnsiY3JlYXRlIjoxODAwMDAwMDAwMDAwLCJkZWxldGUiOjE4MDAwMDAwMDAwMDAsInJlYWQiOjMwMDAwMDAwMDAwMCwidXBkYXRlIjoxODAwMDAwMDAwMDAwfX0=",
          "dependencies": [
            "module.example.azurerm_subnet.example",
            "module.example.azurerm_virtual_network.example"
          ]
        }
      ]
    },
    {
      "module": "module.example",
      "mode": "managed",
      "type": "azurerm_network_interface",
      "name": "ugv",
      "provider": "provider.azurerm",
      "instances": [
        {
          "schema_version": 0,
          "attributes": {
            "applied_dns_servers": [],
            "dns_servers": [],
            "enable_accelerated_networking": false,
            "enable_ip_forwarding": false,
            "id": "/subscriptions/b1e974e5-8229-44c3-a472-235a580d611a/resourceGroups/kat-example/providers/Microsoft.Network/networkInterfaces/subt-sim-NIC-ugv",
            "internal_dns_name_label": "",
            "ip_configuration": [
              {
                "name": "subt-sim-NIC-ugv-configuration",
                "primary": true,
                "private_ip_address": "10.0.2.6",
                "private_ip_address_allocation": "Dynamic",
                "private_ip_address_version": "IPv4",
                "public_ip_address_id": "",
                "subnet_id": "/subscriptions/b1e974e5-8229-44c3-a472-235a580d611a/resourceGroups/kat-example/providers/Microsoft.Network/virtualNetworks/subt-sim-vnet/subnets/subt-sim-subnet"
              }
            ],
            "location": "eastus",
            "mac_address": "00-0D-3A-1F-F7-98",
            "name": "subt-sim-NIC-ugv",
            "private_ip_address": "10.0.2.6",
            "private_ip_addresses": [
              "10.0.2.6"
            ],
            "resource_group_name": "kat-example",
            "tags": {
              "environment": "tag-subt-sim"
            },
            "timeouts": null,
            "virtual_machine_id": "/subscriptions/b1e974e5-8229-44c3-a472-235a580d611a/resourceGroups/kat-example/providers/Microsoft.Compute/virtualMachines/subt-sim-ugv"
          },
          "private": "eyJlMmJmYjczMC1lY2FhLTExZTYtOGY4OC0zNDM2M2JjN2M0YzAiOnsiY3JlYXRlIjoxODAwMDAwMDAwMDAwLCJkZWxldGUiOjE4MDAwMDAwMDAwMDAsInJlYWQiOjMwMDAwMDAwMDAwMCwidXBkYXRlIjoxODAwMDAwMDAwMDAwfX0=",
          "dependencies": [
            "module.example.azurerm_subnet.example",
            "module.example.azurerm_virtual_network.example"
          ]
        }
      ]
    },
    {
      "module": "module.example",
      "mode": "managed",
      "type": "azurerm_network_interface_security_group_association",
      "name": "basestation",
      "provider": "provider.azurerm",
      "instances": [
        {
          "schema_version": 0,
          "attributes": {
            "id": "/subscriptions/b1e974e5-8229-44c3-a472-235a580d611a/resourceGroups/kat-example/providers/Microsoft.Network/networkInterfaces/subt-sim-NIC-basestation|/subscriptions/b1e974e5-8229-44c3-a472-235a580d611a/resourceGroups/kat-example/providers/Microsoft.Network/networkSecurityGroups/subt-sim-security-group",
            "network_interface_id": "/subscriptions/b1e974e5-8229-44c3-a472-235a580d611a/resourceGroups/kat-example/providers/Microsoft.Network/networkInterfaces/subt-sim-NIC-basestation",
            "network_security_group_id": "/subscriptions/b1e974e5-8229-44c3-a472-235a580d611a/resourceGroups/kat-example/providers/Microsoft.Network/networkSecurityGroups/subt-sim-security-group",
            "timeouts": null
          },
          "private": "eyJlMmJmYjczMC1lY2FhLTExZTYtOGY4OC0zNDM2M2JjN2M0YzAiOnsiY3JlYXRlIjoxODAwMDAwMDAwMDAwLCJkZWxldGUiOjE4MDAwMDAwMDAwMDAsInJlYWQiOjMwMDAwMDAwMDAwMCwidXBkYXRlIjoxODAwMDAwMDAwMDAwfX0=",
          "dependencies": [
            "module.example.azurerm_network_interface.basestation",
            "module.example.azurerm_network_security_group.example_ssh",
            "module.example.azurerm_subnet.example",
            "module.example.azurerm_virtual_network.example"
          ]
        }
      ]
    },
    {
      "module": "module.example",
      "mode": "managed",
      "type": "azurerm_network_interface_security_group_association",
      "name": "uav",
      "provider": "provider.azurerm",
      "instances": [
        {
          "schema_version": 0,
          "attributes": {
            "id": "/subscriptions/b1e974e5-8229-44c3-a472-235a580d611a/resourceGroups/kat-example/providers/Microsoft.Network/networkInterfaces/subt-sim-NIC-uav|/subscriptions/b1e974e5-8229-44c3-a472-235a580d611a/resourceGroups/kat-example/providers/Microsoft.Network/networkSecurityGroups/subt-sim-security-group",
            "network_interface_id": "/subscriptions/b1e974e5-8229-44c3-a472-235a580d611a/resourceGroups/kat-example/providers/Microsoft.Network/networkInterfaces/subt-sim-NIC-uav",
            "network_security_group_id": "/subscriptions/b1e974e5-8229-44c3-a472-235a580d611a/resourceGroups/kat-example/providers/Microsoft.Network/networkSecurityGroups/subt-sim-security-group",
            "timeouts": null
          },
          "private": "eyJlMmJmYjczMC1lY2FhLTExZTYtOGY4OC0zNDM2M2JjN2M0YzAiOnsiY3JlYXRlIjoxODAwMDAwMDAwMDAwLCJkZWxldGUiOjE4MDAwMDAwMDAwMDAsInJlYWQiOjMwMDAwMDAwMDAwMCwidXBkYXRlIjoxODAwMDAwMDAwMDAwfX0=",
          "dependencies": [
            "module.example.azurerm_network_interface.uav",
            "module.example.azurerm_network_security_group.example_ssh",
            "module.example.azurerm_subnet.example",
            "module.example.azurerm_virtual_network.example"
          ]
        }
      ]
    },
    {
      "module": "module.example",
      "mode": "managed",
      "type": "azurerm_network_interface_security_group_association",
      "name": "ugv",
      "provider": "provider.azurerm",
      "instances": [
        {
          "schema_version": 0,
          "attributes": {
            "id": "/subscriptions/b1e974e5-8229-44c3-a472-235a580d611a/resourceGroups/kat-example/providers/Microsoft.Network/networkInterfaces/subt-sim-NIC-ugv|/subscriptions/b1e974e5-8229-44c3-a472-235a580d611a/resourceGroups/kat-example/providers/Microsoft.Network/networkSecurityGroups/subt-sim-security-group",
            "network_interface_id": "/subscriptions/b1e974e5-8229-44c3-a472-235a580d611a/resourceGroups/kat-example/providers/Microsoft.Network/networkInterfaces/subt-sim-NIC-ugv",
            "network_security_group_id": "/subscriptions/b1e974e5-8229-44c3-a472-235a580d611a/resourceGroups/kat-example/providers/Microsoft.Network/networkSecurityGroups/subt-sim-security-group",
            "timeouts": null
          },
          "private": "eyJlMmJmYjczMC1lY2FhLTExZTYtOGY4OC0zNDM2M2JjN2M0YzAiOnsiY3JlYXRlIjoxODAwMDAwMDAwMDAwLCJkZWxldGUiOjE4MDAwMDAwMDAwMDAsInJlYWQiOjMwMDAwMDAwMDAwMCwidXBkYXRlIjoxODAwMDAwMDAwMDAwfX0=",
          "dependencies": [
            "module.example.azurerm_network_interface.ugv",
            "module.example.azurerm_network_security_group.example_ssh",
            "module.example.azurerm_subnet.example",
            "module.example.azurerm_virtual_network.example"
          ]
        }
      ]
    },
    {
      "module": "module.example",
      "mode": "managed",
      "type": "azurerm_network_security_group",
      "name": "example_ssh",
      "provider": "provider.azurerm",
      "instances": [
        {
          "schema_version": 0,
          "attributes": {
            "id": "/subscriptions/b1e974e5-8229-44c3-a472-235a580d611a/resourceGroups/kat-example/providers/Microsoft.Network/networkSecurityGroups/subt-sim-security-group",
            "location": "eastus",
            "name": "subt-sim-security-group",
            "resource_group_name": "kat-example",
            "security_rule": [
              {
                "access": "Allow",
                "description": "",
                "destination_address_prefix": "*",
                "destination_address_prefixes": [],
                "destination_application_security_group_ids": [],
                "destination_port_range": "",
                "destination_port_ranges": [
                  "443",
                  "80",
                  "8080"
                ],
                "direction": "Inbound",
                "name": "Allow-Web-All-In",
                "priority": 1002,
                "protocol": "TCP",
                "source_address_prefix": "*",
                "source_address_prefixes": [],
                "source_application_security_group_ids": [],
                "source_port_range": "*",
                "source_port_ranges": []
              },
              {
                "access": "Allow",
                "description": "",
                "destination_address_prefix": "*",
                "destination_address_prefixes": [],
                "destination_application_security_group_ids": [],
                "destination_port_range": "",
                "destination_port_ranges": [
                  "443",
                  "80",
                  "8080"
                ],
                "direction": "Outbound",
                "name": "Allow-Web-All-Out",
                "priority": 1002,
                "protocol": "TCP",
                "source_address_prefix": "*",
                "source_address_prefixes": [],
                "source_application_security_group_ids": [],
                "source_port_range": "*",
                "source_port_ranges": []
              },
              {
                "access": "Allow",
                "description": "",
                "destination_address_prefix": "*",
                "destination_address_prefixes": [],
                "destination_application_security_group_ids": [],
                "destination_port_range": "*",
                "destination_port_ranges": [],
                "direction": "Inbound",
                "name": "ICMP-Ping-In",
                "priority": 1004,
                "protocol": "ICMP",
                "source_address_prefix": "*",
                "source_address_prefixes": [],
                "source_application_security_group_ids": [],
                "source_port_range": "*",
                "source_port_ranges": []
              },
              {
                "access": "Allow",
                "description": "",
                "destination_address_prefix": "*",
                "destination_address_prefixes": [],
                "destination_application_security_group_ids": [],
                "destination_port_range": "*",
                "destination_port_ranges": [],
                "direction": "Outbound",
                "name": "ICMP-Ping-Out",
                "priority": 1005,
                "protocol": "ICMP",
                "source_address_prefix": "*",
                "source_address_prefixes": [],
                "source_application_security_group_ids": [],
                "source_port_range": "*",
                "source_port_ranges": []
              },
              {
                "access": "Allow",
                "description": "",
                "destination_address_prefix": "*",
                "destination_address_prefixes": [],
                "destination_application_security_group_ids": [],
                "destination_port_range": "22",
                "destination_port_ranges": [],
                "direction": "Inbound",
                "name": "SSH",
                "priority": 1001,
                "protocol": "Tcp",
                "source_address_prefix": "*",
                "source_address_prefixes": [],
                "source_application_security_group_ids": [],
                "source_port_range": "*",
                "source_port_ranges": []
              },
              {
                "access": "Allow",
                "description": "",
                "destination_address_prefix": "*",
                "destination_address_prefixes": [],
                "destination_application_security_group_ids": [],
                "destination_port_range": "3389",
                "destination_port_ranges": [],
                "direction": "Inbound",
                "name": "RDP",
                "priority": 1003,
                "protocol": "Tcp",
                "source_address_prefix": "*",
                "source_address_prefixes": [],
                "source_application_security_group_ids": [],
                "source_port_range": "*",
                "source_port_ranges": []
              }
            ],
            "tags": {
              "environment": "tag-subt-sim"
            },
            "timeouts": null
          },
          "private": "eyJlMmJmYjczMC1lY2FhLTExZTYtOGY4OC0zNDM2M2JjN2M0YzAiOnsiY3JlYXRlIjoxODAwMDAwMDAwMDAwLCJkZWxldGUiOjE4MDAwMDAwMDAwMDAsInJlYWQiOjMwMDAwMDAwMDAwMCwidXBkYXRlIjoxODAwMDAwMDAwMDAwfX0="
        }
      ]
    },
    {
      "module": "module.example",
      "mode": "managed",
      "type": "azurerm_public_ip",
      "name": "example",
      "provider": "provider.azurerm",
      "instances": [
        {
          "schema_version": 0,
          "attributes": {
            "allocation_method": "Dynamic",
            "domain_name_label": null,
            "fqdn": null,
            "id": "/subscriptions/b1e974e5-8229-44c3-a472-235a580d611a/resourceGroups/kat-example/providers/Microsoft.Network/publicIPAddresses/subt-sim-PUB-IP",
            "idle_timeout_in_minutes": 4,
            "ip_address": "168.62.180.249",
            "ip_version": "IPv4",
            "location": "eastus",
            "name": "subt-sim-PUB-IP",
            "public_ip_prefix_id": null,
            "resource_group_name": "kat-example",
            "reverse_fqdn": null,
            "sku": "Basic",
            "tags": {
              "environment": "tag-subt-sim"
            },
            "timeouts": null,
            "zones": []
          },
          "private": "eyJlMmJmYjczMC1lY2FhLTExZTYtOGY4OC0zNDM2M2JjN2M0YzAiOnsiY3JlYXRlIjoxODAwMDAwMDAwMDAwLCJkZWxldGUiOjE4MDAwMDAwMDAwMDAsInJlYWQiOjMwMDAwMDAwMDAwMCwidXBkYXRlIjoxODAwMDAwMDAwMDAwfX0="
        }
      ]
    },
    {
      "module": "module.example",
      "mode": "managed",
      "type": "azurerm_subnet",
      "name": "example",
      "provider": "provider.azurerm",
      "instances": [
        {
          "schema_version": 0,
          "attributes": {
            "address_prefix": "10.0.2.0/24",
            "delegation": [],
            "enforce_private_link_endpoint_network_policies": false,
            "enforce_private_link_service_network_policies": false,
            "id": "/subscriptions/b1e974e5-8229-44c3-a472-235a580d611a/resourceGroups/kat-example/providers/Microsoft.Network/virtualNetworks/subt-sim-vnet/subnets/subt-sim-subnet",
            "name": "subt-sim-subnet",
            "resource_group_name": "kat-example",
            "service_endpoints": [],
            "timeouts": null,
            "virtual_network_name": "subt-sim-vnet"
          },
          "private": "eyJlMmJmYjczMC1lY2FhLTExZTYtOGY4OC0zNDM2M2JjN2M0YzAiOnsiY3JlYXRlIjoxODAwMDAwMDAwMDAwLCJkZWxldGUiOjE4MDAwMDAwMDAwMDAsInJlYWQiOjMwMDAwMDAwMDAwMCwidXBkYXRlIjoxODAwMDAwMDAwMDAwfX0=",
          "dependencies": [
            "module.example.azurerm_virtual_network.example"
          ]
        }
      ]
    },
    {
      "module": "module.example",
      "mode": "managed",
      "type": "azurerm_subnet",
      "name": "example_gateway_subnet",
      "provider": "provider.azurerm",
      "instances": [
        {
          "schema_version": 0,
          "attributes": {
            "address_prefix": "10.0.1.0/24",
            "delegation": [],
            "enforce_private_link_endpoint_network_policies": false,
            "enforce_private_link_service_network_policies": false,
            "id": "/subscriptions/b1e974e5-8229-44c3-a472-235a580d611a/resourceGroups/kat-example/providers/Microsoft.Network/virtualNetworks/subt-sim-vnet/subnets/GatewaySubnet",
            "name": "GatewaySubnet",
            "resource_group_name": "kat-example",
            "service_endpoints": [],
            "timeouts": null,
            "virtual_network_name": "subt-sim-vnet"
          },
          "private": "eyJlMmJmYjczMC1lY2FhLTExZTYtOGY4OC0zNDM2M2JjN2M0YzAiOnsiY3JlYXRlIjoxODAwMDAwMDAwMDAwLCJkZWxldGUiOjE4MDAwMDAwMDAwMDAsInJlYWQiOjMwMDAwMDAwMDAwMCwidXBkYXRlIjoxODAwMDAwMDAwMDAwfX0=",
          "dependencies": [
            "module.example.azurerm_virtual_network.example"
          ]
        }
      ]
    },
    {
      "module": "module.example",
      "mode": "managed",
      "type": "azurerm_virtual_network",
      "name": "example",
      "provider": "provider.azurerm",
      "instances": [
        {
          "schema_version": 0,
          "attributes": {
            "address_space": [
              "10.0.0.0/16"
            ],
            "ddos_protection_plan": [],
            "dns_servers": [],
            "id": "/subscriptions/b1e974e5-8229-44c3-a472-235a580d611a/resourceGroups/kat-example/providers/Microsoft.Network/virtualNetworks/subt-sim-vnet",
            "location": "eastus",
            "name": "subt-sim-vnet",
            "resource_group_name": "kat-example",
            "subnet": [
              {
                "address_prefix": "10.0.1.0/24",
                "id": "/subscriptions/b1e974e5-8229-44c3-a472-235a580d611a/resourceGroups/kat-example/providers/Microsoft.Network/virtualNetworks/subt-sim-vnet/subnets/GatewaySubnet",
                "name": "GatewaySubnet",
                "security_group": ""
              },
              {
                "address_prefix": "10.0.2.0/24",
                "id": "/subscriptions/b1e974e5-8229-44c3-a472-235a580d611a/resourceGroups/kat-example/providers/Microsoft.Network/virtualNetworks/subt-sim-vnet/subnets/subt-sim-subnet",
                "name": "subt-sim-subnet",
                "security_group": ""
              }
            ],
            "tags": {
              "environment": "tag-subt-sim"
            },
            "timeouts": null
          },
          "private": "eyJlMmJmYjczMC1lY2FhLTExZTYtOGY4OC0zNDM2M2JjN2M0YzAiOnsiY3JlYXRlIjoxODAwMDAwMDAwMDAwLCJkZWxldGUiOjE4MDAwMDAwMDAwMDAsInJlYWQiOjMwMDAwMDAwMDAwMCwidXBkYXRlIjoxODAwMDAwMDAwMDAwfX0="
        }
      ]
    },
    {
      "module": "module.example",
      "mode": "managed",
      "type": "azurerm_virtual_network_gateway",
      "name": "example",
      "provider": "provider.azurerm",
      "instances": [
        {
          "schema_version": 0,
          "attributes": {
            "active_active": false,
            "bgp_settings": [
              {
                "asn": 65515,
                "peer_weight": 0,
                "peering_address": "10.0.1.254"
              }
            ],
            "default_local_network_gateway_id": null,
            "enable_bgp": false,
            "generation": "Generation1",
            "id": "/subscriptions/b1e974e5-8229-44c3-a472-235a580d611a/resourceGroups/kat-example/providers/Microsoft.Network/virtualNetworkGateways/subt-sim-vnet-gateway",
            "ip_configuration": [
              {
                "name": "subt-sim-vnet-gateway-config",
                "private_ip_address_allocation": "Dynamic",
                "public_ip_address_id": "/subscriptions/b1e974e5-8229-44c3-a472-235a580d611a/resourceGroups/kat-example/providers/Microsoft.Network/publicIPAddresses/subt-sim-PUB-IP",
                "subnet_id": "/subscriptions/b1e974e5-8229-44c3-a472-235a580d611a/resourceGroups/kat-example/providers/Microsoft.Network/virtualNetworks/subt-sim-vnet/subnets/GatewaySubnet"
              }
            ],
            "location": "eastus",
            "name": "subt-sim-vnet-gateway",
            "resource_group_name": "kat-example",
            "sku": "VpnGw1",
            "tags": {},
            "timeouts": null,
            "type": "Vpn",
            "vpn_client_configuration": [
              {
                "address_space": [
                  "10.2.0.0/24"
                ],
                "radius_server_address": "",
                "radius_server_secret": "",
                "revoked_certificate": [],
                "root_certificate": [
                  {
                    "name": "subt-sim-root-ca",
                    "public_cert_data": "MIIC5jCCAc6gAwIBAgIIfJwMCWXJ/iAwDQYJKoZIhvcNAQELBQAwETEPMA0GA1UEAxMGVlBOIENBMB4XDTIwMDQwMjA4MjAwMloXDTIzMDQwMjA4MjAwMlowETEPMA0GA1UEAxMGVlBOIENBMIIBIjANBgkqhkiG9w0BAQEFAAOCAQ8AMIIBCgKCAQEAtrPGLzHE1HdffPpK73PhTi6MP8l8V8QWIHVbRFNEszuWm1YwDRKkbgsId8NKewnKuBvPgMdWwobdc98dt/OZN3yGaHSJdgkyNawxdNudpnmoE90KQh+ze9B9WB/r7w82jTRHHK2FxJjFay10Z297YcDqmSF0o2yN9t2PTtMzlLyPoR5gEsp3PHXlCHQc3kGLr3Vyp9fy3FdDfTVfUFyIvo4zqZdiLGkh5ql5CrWS3KiL7SF/ZQZktfzMbhR7gZPpDPewXN54AeYNWHEp8JWBSs+cbKYL+OBEifha/WOzx+pcRphvr6o5FeBLhRsBw9Xg3uCipEnXUbJUOwz/XncBpQIDAQABo0IwQDAPBgNVHRMBAf8EBTADAQH/MA4GA1UdDwEB/wQEAwIBBjAdBgNVHQ4EFgQUiBgkY+JrY1Ez/q//YVDG303sVuswDQYJKoZIhvcNAQELBQADggEBAFTRoBnAGwcNSSDIOdqNkqogoMN6Jq/6PQto8c7SkIYveuuj1DIf3IMvBDfh8yShE+xoGByoo4bD336cS1wIMANtCn8wfXhJXHYfNYp1nZ01GAQdkCdOBLnJRGFdC+D8cu47JxMBuRq3L64l+oDu+u/zZJwWV4CBp+xbzM81pwaKxX0z4R+ev1RnheE+4n99p7R5zWKHXo9Tpu6QYbo9asUXf1JuP3KjaVDS+2a5LX+9xjRPKo9UhpAJmQ/DHXdH3V6tj7zaqZtNC53lP1/wavGRMCpYj+RGVLsAWZFt73CrkIukB7lqH0WXhWNAlaRgGnoH14ob0ePHxQ0ecD1/eSw="
                  }
                ],
                "vpn_client_protocols": [
                  "IkeV2",
                  "SSTP"
                ]
              }
            ],
            "vpn_type": "RouteBased"
          },
          "private": "eyJlMmJmYjczMC1lY2FhLTExZTYtOGY4OC0zNDM2M2JjN2M0YzAiOnsiY3JlYXRlIjozNjAwMDAwMDAwMDAwLCJkZWxldGUiOjM2MDAwMDAwMDAwMDAsInJlYWQiOjMwMDAwMDAwMDAwMCwidXBkYXRlIjozNjAwMDAwMDAwMDAwfX0=",
          "dependencies": [
            "module.example.azurerm_public_ip.example",
            "module.example.azurerm_subnet.example_gateway_subnet"
          ]
        }
      ]
    }
  ]
}
