{
  "version": 4,
  "terraform_version": "0.12.24",
  "serial": 12,
  "lineage": "46b9a516-8f71-7a15-107c-da71e56bb9eb",
  "outputs": {},
  "resources": [
    {
      "module": "module.example",
      "mode": "managed",
      "type": "azurerm_network_interface",
      "name": "example",
      "provider": "provider.azurerm",
      "instances": [
        {
          "schema_version": 0,
          "attributes": {
            "applied_dns_servers": [],
            "dns_servers": [],
            "enable_accelerated_networking": false,
            "enable_ip_forwarding": false,
            "id": "/subscriptions/3bf2a7e6-aa18-4b87-93f8-bbdd07c96891/resourceGroups/kat-example/providers/Microsoft.Network/networkInterfaces/kat-example-NIC",
            "internal_dns_name_label": "",
            "ip_configuration": [
              {
                "name": "kat-example-NIC-configuration",
                "primary": true,
                "private_ip_address": "10.0.2.4",
                "private_ip_address_allocation": "Dynamic",
                "private_ip_address_version": "IPv4",
                "public_ip_address_id": "",
                "subnet_id": "/subscriptions/3bf2a7e6-aa18-4b87-93f8-bbdd07c96891/resourceGroups/kat-example/providers/Microsoft.Network/virtualNetworks/kat-example-vnet/subnets/kat-example-subnet"
              }
            ],
            "location": "eastus",
            "mac_address": "",
            "name": "kat-example-NIC",
            "private_ip_address": "10.0.2.4",
            "private_ip_addresses": [
              "10.0.2.4"
            ],
            "resource_group_name": "kat-example",
            "tags": {
              "environment": "tag-kat-example"
            },
            "timeouts": null,
            "virtual_machine_id": ""
          },
          "private": "eyJlMmJmYjczMC1lY2FhLTExZTYtOGY4OC0zNDM2M2JjN2M0YzAiOnsiY3JlYXRlIjoxODAwMDAwMDAwMDAwLCJkZWxldGUiOjE4MDAwMDAwMDAwMDAsInJlYWQiOjMwMDAwMDAwMDAwMCwidXBkYXRlIjoxODAwMDAwMDAwMDAwfX0=",
          "dependencies": [
            "module.example.azurerm_resource_group.example",
            "module.example.azurerm_subnet.example"
          ]
        }
      ]
    },
    {
      "module": "module.example",
      "mode": "managed",
      "type": "azurerm_network_interface_security_group_association",
      "name": "example",
      "provider": "provider.azurerm",
      "instances": [
        {
          "schema_version": 0,
          "attributes": {
            "id": "/subscriptions/3bf2a7e6-aa18-4b87-93f8-bbdd07c96891/resourceGroups/kat-example/providers/Microsoft.Network/networkInterfaces/kat-example-NIC|/subscriptions/3bf2a7e6-aa18-4b87-93f8-bbdd07c96891/resourceGroups/kat-example/providers/Microsoft.Network/networkSecurityGroups/kat-example-security-group",
            "network_interface_id": "/subscriptions/3bf2a7e6-aa18-4b87-93f8-bbdd07c96891/resourceGroups/kat-example/providers/Microsoft.Network/networkInterfaces/kat-example-NIC",
            "network_security_group_id": "/subscriptions/3bf2a7e6-aa18-4b87-93f8-bbdd07c96891/resourceGroups/kat-example/providers/Microsoft.Network/networkSecurityGroups/kat-example-security-group",
            "timeouts": null
          },
          "private": "eyJlMmJmYjczMC1lY2FhLTExZTYtOGY4OC0zNDM2M2JjN2M0YzAiOnsiY3JlYXRlIjoxODAwMDAwMDAwMDAwLCJkZWxldGUiOjE4MDAwMDAwMDAwMDAsInJlYWQiOjMwMDAwMDAwMDAwMCwidXBkYXRlIjoxODAwMDAwMDAwMDAwfX0=",
          "dependencies": [
            "module.example.azurerm_network_interface.example",
            "module.example.azurerm_network_security_group.example_ssh",
            "module.example.azurerm_resource_group.example"
          ]
        }
      ]
    },
    {
      "module": "module.example",
      "mode": "managed",
      "type": "azurerm_network_security_group",
      "name": "example_ssh",
      "provider": "provider.azurerm",
      "instances": [
        {
          "schema_version": 0,
          "attributes": {
            "id": "/subscriptions/3bf2a7e6-aa18-4b87-93f8-bbdd07c96891/resourceGroups/kat-example/providers/Microsoft.Network/networkSecurityGroups/kat-example-security-group",
            "location": "eastus",
            "name": "kat-example-security-group",
            "resource_group_name": "kat-example",
            "security_rule": [
              {
                "access": "Allow",
                "description": "",
                "destination_address_prefix": "*",
                "destination_address_prefixes": [],
                "destination_application_security_group_ids": [],
                "destination_port_range": "22",
                "destination_port_ranges": [],
                "direction": "Inbound",
                "name": "SSH",
                "priority": 1001,
                "protocol": "Tcp",
                "source_address_prefix": "*",
                "source_address_prefixes": [],
                "source_application_security_group_ids": [],
                "source_port_range": "*",
                "source_port_ranges": []
              }
            ],
            "tags": {
              "environment": "tag-kat-example"
            },
            "timeouts": null
          },
          "private": "eyJlMmJmYjczMC1lY2FhLTExZTYtOGY4OC0zNDM2M2JjN2M0YzAiOnsiY3JlYXRlIjoxODAwMDAwMDAwMDAwLCJkZWxldGUiOjE4MDAwMDAwMDAwMDAsInJlYWQiOjMwMDAwMDAwMDAwMCwidXBkYXRlIjoxODAwMDAwMDAwMDAwfX0=",
          "dependencies": [
            "module.example.azurerm_resource_group.example"
          ]
        }
      ]
    },
    {
      "module": "module.example",
      "mode": "managed",
      "type": "azurerm_public_ip",
      "name": "example",
      "provider": "provider.azurerm",
      "instances": [
        {
          "schema_version": 0,
          "attributes": {
            "allocation_method": "Dynamic",
            "domain_name_label": null,
            "fqdn": null,
            "id": "/subscriptions/3bf2a7e6-aa18-4b87-93f8-bbdd07c96891/resourceGroups/kat-example/providers/Microsoft.Network/publicIPAddresses/kat-example-PUB-IP",
            "idle_timeout_in_minutes": 4,
            "ip_address": "",
            "ip_version": "IPv4",
            "location": "eastus",
            "name": "kat-example-PUB-IP",
            "public_ip_prefix_id": null,
            "resource_group_name": "kat-example",
            "reverse_fqdn": null,
            "sku": "Basic",
            "tags": {
              "environment": "tag-kat-example"
            },
            "timeouts": null,
            "zones": []
          },
          "private": "eyJlMmJmYjczMC1lY2FhLTExZTYtOGY4OC0zNDM2M2JjN2M0YzAiOnsiY3JlYXRlIjoxODAwMDAwMDAwMDAwLCJkZWxldGUiOjE4MDAwMDAwMDAwMDAsInJlYWQiOjMwMDAwMDAwMDAwMCwidXBkYXRlIjoxODAwMDAwMDAwMDAwfX0=",
          "dependencies": [
            "module.example.azurerm_resource_group.example"
          ]
        }
      ]
    },
    {
      "module": "module.example",
      "mode": "managed",
      "type": "azurerm_resource_group",
      "name": "example",
      "provider": "provider.azurerm",
      "instances": [
        {
          "schema_version": 0,
          "attributes": {
            "id": "/subscriptions/3bf2a7e6-aa18-4b87-93f8-bbdd07c96891/resourceGroups/kat-example",
            "location": "eastus",
            "name": "kat-example",
            "tags": {
              "environment": "tag-kat-example"
            },
            "timeouts": null
          },
          "private": "eyJlMmJmYjczMC1lY2FhLTExZTYtOGY4OC0zNDM2M2JjN2M0YzAiOnsiY3JlYXRlIjo1NDAwMDAwMDAwMDAwLCJkZWxldGUiOjU0MDAwMDAwMDAwMDAsInJlYWQiOjMwMDAwMDAwMDAwMCwidXBkYXRlIjo1NDAwMDAwMDAwMDAwfX0="
        }
      ]
    },
    {
      "module": "module.example",
      "mode": "managed",
      "type": "azurerm_subnet",
      "name": "example",
      "provider": "provider.azurerm",
      "instances": [
        {
          "schema_version": 0,
          "attributes": {
            "address_prefix": "10.0.2.0/24",
            "delegation": [],
            "enforce_private_link_endpoint_network_policies": false,
            "enforce_private_link_service_network_policies": false,
            "id": "/subscriptions/3bf2a7e6-aa18-4b87-93f8-bbdd07c96891/resourceGroups/kat-example/providers/Microsoft.Network/virtualNetworks/kat-example-vnet/subnets/kat-example-subnet",
            "name": "kat-example-subnet",
            "resource_group_name": "kat-example",
            "service_endpoints": [],
            "timeouts": null,
            "virtual_network_name": "kat-example-vnet"
          },
          "private": "eyJlMmJmYjczMC1lY2FhLTExZTYtOGY4OC0zNDM2M2JjN2M0YzAiOnsiY3JlYXRlIjoxODAwMDAwMDAwMDAwLCJkZWxldGUiOjE4MDAwMDAwMDAwMDAsInJlYWQiOjMwMDAwMDAwMDAwMCwidXBkYXRlIjoxODAwMDAwMDAwMDAwfX0=",
          "dependencies": [
            "module.example.azurerm_resource_group.example",
            "module.example.azurerm_virtual_network.example"
          ]
        }
      ]
    },
    {
      "module": "module.example",
      "mode": "managed",
      "type": "azurerm_virtual_network",
      "name": "example",
      "provider": "provider.azurerm",
      "instances": [
        {
          "schema_version": 0,
          "attributes": {
            "address_space": [
              "10.0.0.0/16"
            ],
            "ddos_protection_plan": [],
            "dns_servers": [],
            "id": "/subscriptions/3bf2a7e6-aa18-4b87-93f8-bbdd07c96891/resourceGroups/kat-example/providers/Microsoft.Network/virtualNetworks/kat-example-vnet",
            "location": "eastus",
            "name": "kat-example-vnet",
            "resource_group_name": "kat-example",
            "subnet": [
              {
                "address_prefix": "10.0.2.0/24",
                "id": "/subscriptions/3bf2a7e6-aa18-4b87-93f8-bbdd07c96891/resourceGroups/kat-example/providers/Microsoft.Network/virtualNetworks/kat-example-vnet/subnets/kat-example-subnet",
                "name": "kat-example-subnet",
                "security_group": ""
              }
            ],
            "tags": {
              "environment": "tag-kat-example"
            },
            "timeouts": null
          },
          "private": "eyJlMmJmYjczMC1lY2FhLTExZTYtOGY4OC0zNDM2M2JjN2M0YzAiOnsiY3JlYXRlIjoxODAwMDAwMDAwMDAwLCJkZWxldGUiOjE4MDAwMDAwMDAwMDAsInJlYWQiOjMwMDAwMDAwMDAwMCwidXBkYXRlIjoxODAwMDAwMDAwMDAwfX0=",
          "dependencies": [
            "module.example.azurerm_resource_group.example"
          ]
        }
      ]
    }
  ]
}
